
Microsoft Visual Studio Solution File, Format Version 12.00
# Visual Studio 14
VisualStudioVersion = 14.0.25420.1
MinimumVisualStudioVersion = 10.0.40219.1
Project("{FAE04EC0-301F-11D3-BF4B-00C04F79EFBC}") = "SettlementApi.Api", "SettlementApi.Api\SettlementApi.Api.csproj", "{C6A885B6-FCD9-4BDA-955B-7313610DF796}"
EndProject
Project("{FAE04EC0-301F-11D3-BF4B-00C04F79EFBC}") = "SettlementApi.Write.BusinessLogic", "SettlementApi.Write.BusinessLogic\SettlementApi.Write.BusinessLogic.csproj", "{03A04462-E75B-4531-A545-3FEB8A70AC61}"
EndProject
Project("{2150E333-8FDC-42A3-9474-1A3956D46DE8}") = "Lib", "Lib", "{A8753814-02A6-4CB1-8A83-4E9765F5A8E5}"
	ProjectSection(SolutionItems) = preProject
		Lib\WebApi.Validation.dll = Lib\WebApi.Validation.dll
	EndProjectSection
EndProject
Project("{FAE04EC0-301F-11D3-BF4B-00C04F79EFBC}") = "SettlementApi.Common", "SettlementApi.Common\SettlementApi.Common.csproj", "{18ECF9B2-B05E-4B16-BA91-E63A0D31DBBF}"
EndProject
Project("{FAE04EC0-301F-11D3-BF4B-00C04F79EFBC}") = "SettlementApi.Context", "SettlementApi.Context\SettlementApi.Context.csproj", "{A1392550-9420-4DAD-9635-20FA2DCE1897}"
EndProject
Project("{FAE04EC0-301F-11D3-BF4B-00C04F79EFBC}") = "SettlementApi.Respository", "SettlementApi.Respository\SettlementApi.Respository.csproj", "{4CE38019-AA55-4A73-846B-368B3A5B6C14}"
EndProject
Project("{FAE04EC0-301F-11D3-BF4B-00C04F79EFBC}") = "SettlementApi.DataAccess", "SettlementApi.DataAccess\SettlementApi.DataAccess.csproj", "{33310B42-62C3-4873-AEC4-4B5B95FC6DAF}"
EndProject
Project("{FAE04EC0-301F-11D3-BF4B-00C04F79EFBC}") = "SettlementApi.EventBus", "SettlementApi.EventBus\SettlementApi.EventBus.csproj", "{BE8FC169-13A2-42B0-870E-8093765FA552}"
EndProject
Project("{FAE04EC0-301F-11D3-BF4B-00C04F79EFBC}") = "SettlementApi.CommandBus", "SettlementApi.CommandBus\SettlementApi.CommandBus.csproj", "{A72E3634-1108-4528-8C7D-FE77CBDAA558}"
EndProject
Project("{FAE04EC0-301F-11D3-BF4B-00C04F79EFBC}") = "SettlementApi.Write.Model", "SettlementApi.Write.Model\SettlementApi.Write.Model.csproj", "{343D4D15-9973-4219-B0E5-829CA24F0FC0}"
EndProject
Project("{FAE04EC0-301F-11D3-BF4B-00C04F79EFBC}") = "SettlementApi.Write.BusCommand", "SettlementApi.Write.BusCommand\SettlementApi.Write.BusCommand.csproj", "{E6162CF8-B0EC-42AD-B5AE-BC6A917BA48E}"
EndProject
Global
	GlobalSection(SolutionConfigurationPlatforms) = preSolution
		Debug|Any CPU = Debug|Any CPU
		Release|Any CPU = Release|Any CPU
	EndGlobalSection
	GlobalSection(ProjectConfigurationPlatforms) = postSolution
		{C6A885B6-FCD9-4BDA-955B-7313610DF796}.Debug|Any CPU.ActiveCfg = Debug|Any CPU
		{C6A885B6-FCD9-4BDA-955B-7313610DF796}.Debug|Any CPU.Build.0 = Debug|Any CPU
		{C6A885B6-FCD9-4BDA-955B-7313610DF796}.Release|Any CPU.ActiveCfg = Release|Any CPU
		{C6A885B6-FCD9-4BDA-955B-7313610DF796}.Release|Any CPU.Build.0 = Release|Any CPU
		{03A04462-E75B-4531-A545-3FEB8A70AC61}.Debug|Any CPU.ActiveCfg = Debug|Any CPU
		{03A04462-E75B-4531-A545-3FEB8A70AC61}.Debug|Any CPU.Build.0 = Debug|Any CPU
		{03A04462-E75B-4531-A545-3FEB8A70AC61}.Release|Any CPU.ActiveCfg = Release|Any CPU
		{03A04462-E75B-4531-A545-3FEB8A70AC61}.Release|Any CPU.Build.0 = Release|Any CPU
		{18ECF9B2-B05E-4B16-BA91-E63A0D31DBBF}.Debug|Any CPU.ActiveCfg = Debug|Any CPU
		{18ECF9B2-B05E-4B16-BA91-E63A0D31DBBF}.Debug|Any CPU.Build.0 = Debug|Any CPU
		{18ECF9B2-B05E-4B16-BA91-E63A0D31DBBF}.Release|Any CPU.ActiveCfg = Release|Any CPU
		{18ECF9B2-B05E-4B16-BA91-E63A0D31DBBF}.Release|Any CPU.Build.0 = Release|Any CPU
		{A1392550-9420-4DAD-9635-20FA2DCE1897}.Debug|Any CPU.ActiveCfg = Debug|Any CPU
		{A1392550-9420-4DAD-9635-20FA2DCE1897}.Debug|Any CPU.Build.0 = Debug|Any CPU
		{A1392550-9420-4DAD-9635-20FA2DCE1897}.Release|Any CPU.ActiveCfg = Release|Any CPU
		{A1392550-9420-4DAD-9635-20FA2DCE1897}.Release|Any CPU.Build.0 = Release|Any CPU
		{4CE38019-AA55-4A73-846B-368B3A5B6C14}.Debug|Any CPU.ActiveCfg = Debug|Any CPU
		{4CE38019-AA55-4A73-846B-368B3A5B6C14}.Debug|Any CPU.Build.0 = Debug|Any CPU
		{4CE38019-AA55-4A73-846B-368B3A5B6C14}.Release|Any CPU.ActiveCfg = Release|Any CPU
		{4CE38019-AA55-4A73-846B-368B3A5B6C14}.Release|Any CPU.Build.0 = Release|Any CPU
		{33310B42-62C3-4873-AEC4-4B5B95FC6DAF}.Debug|Any CPU.ActiveCfg = Debug|Any CPU
		{33310B42-62C3-4873-AEC4-4B5B95FC6DAF}.Debug|Any CPU.Build.0 = Debug|Any CPU
		{33310B42-62C3-4873-AEC4-4B5B95FC6DAF}.Release|Any CPU.ActiveCfg = Release|Any CPU
		{33310B42-62C3-4873-AEC4-4B5B95FC6DAF}.Release|Any CPU.Build.0 = Release|Any CPU
		{BE8FC169-13A2-42B0-870E-8093765FA552}.Debug|Any CPU.ActiveCfg = Debug|Any CPU
		{BE8FC169-13A2-42B0-870E-8093765FA552}.Debug|Any CPU.Build.0 = Debug|Any CPU
		{BE8FC169-13A2-42B0-870E-8093765FA552}.Release|Any CPU.ActiveCfg = Release|Any CPU
		{BE8FC169-13A2-42B0-870E-8093765FA552}.Release|Any CPU.Build.0 = Release|Any CPU
		{A72E3634-1108-4528-8C7D-FE77CBDAA558}.Debug|Any CPU.ActiveCfg = Debug|Any CPU
		{A72E3634-1108-4528-8C7D-FE77CBDAA558}.Debug|Any CPU.Build.0 = Debug|Any CPU
		{A72E3634-1108-4528-8C7D-FE77CBDAA558}.Release|Any CPU.ActiveCfg = Release|Any CPU
		{A72E3634-1108-4528-8C7D-FE77CBDAA558}.Release|Any CPU.Build.0 = Release|Any CPU
		{343D4D15-9973-4219-B0E5-829CA24F0FC0}.Debug|Any CPU.ActiveCfg = Debug|Any CPU
		{343D4D15-9973-4219-B0E5-829CA24F0FC0}.Debug|Any CPU.Build.0 = Debug|Any CPU
		{343D4D15-9973-4219-B0E5-829CA24F0FC0}.Release|Any CPU.ActiveCfg = Release|Any CPU
		{343D4D15-9973-4219-B0E5-829CA24F0FC0}.Release|Any CPU.Build.0 = Release|Any CPU
		{E6162CF8-B0EC-42AD-B5AE-BC6A917BA48E}.Debug|Any CPU.ActiveCfg = Debug|Any CPU
		{E6162CF8-B0EC-42AD-B5AE-BC6A917BA48E}.Debug|Any CPU.Build.0 = Debug|Any CPU
		{E6162CF8-B0EC-42AD-B5AE-BC6A917BA48E}.Release|Any CPU.ActiveCfg = Release|Any CPU
		{E6162CF8-B0EC-42AD-B5AE-BC6A917BA48E}.Release|Any CPU.Build.0 = Release|Any CPU
	EndGlobalSection
	GlobalSection(SolutionProperties) = preSolution
		HideSolutionNode = FALSE
	EndGlobalSection
EndGlobal
